// !$*UTF8*$!
{
	archiveVersion = 1;
	classes = {
	};
	objectVersion = 46;
	objects = {

/* Begin PBXBuildFile section */
		283B15F31DC4F88800127225 /* AppDelegate.swift in Sources */ = {isa = PBXBuildFile; fileRef = 283B15F21DC4F88800127225 /* AppDelegate.swift */; };
		283B15F51DC4F88800127225 /* FirstViewController.swift in Sources */ = {isa = PBXBuildFile; fileRef = 283B15F41DC4F88800127225 /* FirstViewController.swift */; };
		283B15F71DC4F88800127225 /* SecondViewController.swift in Sources */ = {isa = PBXBuildFile; fileRef = 283B15F61DC4F88800127225 /* SecondViewController.swift */; };
		283B15FA1DC4F88900127225 /* Main.storyboard in Resources */ = {isa = PBXBuildFile; fileRef = 283B15F81DC4F88900127225 /* Main.storyboard */; };
		283B15FC1DC4F88900127225 /* Assets.xcassets in Resources */ = {isa = PBXBuildFile; fileRef = 283B15FB1DC4F88900127225 /* Assets.xcassets */; };
		283B15FF1DC4F88900127225 /* LaunchScreen.storyboard in Resources */ = {isa = PBXBuildFile; fileRef = 283B15FD1DC4F88900127225 /* LaunchScreen.storyboard */; };
		283B160A1DC4F88900127225 /* SafetyMapTests.swift in Sources */ = {isa = PBXBuildFile; fileRef = 283B16091DC4F88900127225 /* SafetyMapTests.swift */; };
		283B16151DC4F88900127225 /* SafetyMapUITests.swift in Sources */ = {isa = PBXBuildFile; fileRef = 283B16141DC4F88900127225 /* SafetyMapUITests.swift */; };
		609FE2687317E9AB3870FD37 /* Pods_SafetyMap.framework in Frameworks */ = {isa = PBXBuildFile; fileRef = 8DAFAA328D1A3718CC5DBD67 /* Pods_SafetyMap.framework */; };
/* End PBXBuildFile section */

/* Begin PBXContainerItemProxy section */
		283B16061DC4F88900127225 /* PBXContainerItemProxy */ = {
			isa = PBXContainerItemProxy;
			containerPortal = 283B15E71DC4F88800127225 /* Project object */;
			proxyType = 1;
			remoteGlobalIDString = 283B15EE1DC4F88800127225;
			remoteInfo = SafetyMap;
		};
		283B16111DC4F88900127225 /* PBXContainerItemProxy */ = {
			isa = PBXContainerItemProxy;
			containerPortal = 283B15E71DC4F88800127225 /* Project object */;
			proxyType = 1;
			remoteGlobalIDString = 283B15EE1DC4F88800127225;
			remoteInfo = SafetyMap;
		};
/* End PBXContainerItemProxy section */

/* Begin PBXCopyFilesBuildPhase section */
		283B17961DC57A1400127225 /* Embed Frameworks */ = {
			isa = PBXCopyFilesBuildPhase;
			buildActionMask = 2147483647;
			dstPath = "";
			dstSubfolderSpec = 10;
			files = (
			);
			name = "Embed Frameworks";
			runOnlyForDeploymentPostprocessing = 0;
		};
		283B17971DC57A1400127225 /* Embed PlugIns */ = {
			isa = PBXCopyFilesBuildPhase;
			buildActionMask = 2147483647;
			dstPath = "";
			dstSubfolderSpec = 13;
			files = (
			);
			name = "Embed PlugIns";
			runOnlyForDeploymentPostprocessing = 0;
		};
/* End PBXCopyFilesBuildPhase section */

/* Begin PBXFileReference section */
		1F02CEEE63E4B2D00DA22F9F /* Pods-SafetyMap.debug.xcconfig */ = {isa = PBXFileReference; includeInIndex = 1; lastKnownFileType = text.xcconfig; name = "Pods-SafetyMap.debug.xcconfig"; path = "Pods/Target Support Files/Pods-SafetyMap/Pods-SafetyMap.debug.xcconfig"; sourceTree = "<group>"; };
		283B15EF1DC4F88800127225 /* SafetyMap.app */ = {isa = PBXFileReference; explicitFileType = wrapper.application; includeInIndex = 0; path = SafetyMap.app; sourceTree = BUILT_PRODUCTS_DIR; };
		283B15F21DC4F88800127225 /* AppDelegate.swift */ = {isa = PBXFileReference; lastKnownFileType = sourcecode.swift; path = AppDelegate.swift; sourceTree = "<group>"; };
		283B15F41DC4F88800127225 /* FirstViewController.swift */ = {isa = PBXFileReference; lastKnownFileType = sourcecode.swift; path = FirstViewController.swift; sourceTree = "<group>"; };
		283B15F61DC4F88800127225 /* SecondViewController.swift */ = {isa = PBXFileReference; lastKnownFileType = sourcecode.swift; path = SecondViewController.swift; sourceTree = "<group>"; };
		283B15F91DC4F88900127225 /* Base */ = {isa = PBXFileReference; lastKnownFileType = file.storyboard; name = Base; path = Base.lproj/Main.storyboard; sourceTree = "<group>"; };
		283B15FB1DC4F88900127225 /* Assets.xcassets */ = {isa = PBXFileReference; lastKnownFileType = folder.assetcatalog; path = Assets.xcassets; sourceTree = "<group>"; };
		283B15FE1DC4F88900127225 /* Base */ = {isa = PBXFileReference; lastKnownFileType = file.storyboard; name = Base; path = Base.lproj/LaunchScreen.storyboard; sourceTree = "<group>"; };
		283B16001DC4F88900127225 /* Info.plist */ = {isa = PBXFileReference; lastKnownFileType = text.plist.xml; path = Info.plist; sourceTree = "<group>"; };
		283B16051DC4F88900127225 /* SafetyMapTests.xctest */ = {isa = PBXFileReference; explicitFileType = wrapper.cfbundle; includeInIndex = 0; path = SafetyMapTests.xctest; sourceTree = BUILT_PRODUCTS_DIR; };
		283B16091DC4F88900127225 /* SafetyMapTests.swift */ = {isa = PBXFileReference; lastKnownFileType = sourcecode.swift; path = SafetyMapTests.swift; sourceTree = "<group>"; };
		283B160B1DC4F88900127225 /* Info.plist */ = {isa = PBXFileReference; lastKnownFileType = text.plist.xml; path = Info.plist; sourceTree = "<group>"; };
		283B16101DC4F88900127225 /* SafetyMapUITests.xctest */ = {isa = PBXFileReference; explicitFileType = wrapper.cfbundle; includeInIndex = 0; path = SafetyMapUITests.xctest; sourceTree = BUILT_PRODUCTS_DIR; };
		283B16141DC4F88900127225 /* SafetyMapUITests.swift */ = {isa = PBXFileReference; lastKnownFileType = sourcecode.swift; path = SafetyMapUITests.swift; sourceTree = "<group>"; };
		283B16161DC4F88900127225 /* Info.plist */ = {isa = PBXFileReference; lastKnownFileType = text.plist.xml; path = Info.plist; sourceTree = "<group>"; };
<<<<<<< HEAD
		5F97FA5B9776998488FE1A60 /* Pods-SafetyMap.release.xcconfig */ = {isa = PBXFileReference; includeInIndex = 1; lastKnownFileType = text.xcconfig; name = "Pods-SafetyMap.release.xcconfig"; path = "Pods/Target Support Files/Pods-SafetyMap/Pods-SafetyMap.release.xcconfig"; sourceTree = "<group>"; };
		686F68956B659332EE3AE45F /* Pods-SafetyMap.debug.xcconfig */ = {isa = PBXFileReference; includeInIndex = 1; lastKnownFileType = text.xcconfig; name = "Pods-SafetyMap.debug.xcconfig"; path = "Pods/Target Support Files/Pods-SafetyMap/Pods-SafetyMap.debug.xcconfig"; sourceTree = "<group>"; };
		8DAFAA328D1A3718CC5DBD67 /* Pods_SafetyMap.framework */ = {isa = PBXFileReference; explicitFileType = wrapper.framework; includeInIndex = 0; path = Pods_SafetyMap.framework; sourceTree = BUILT_PRODUCTS_DIR; };
=======
		C674DD7930F4AE78DD134862 /* libPods-SafetyMap.a */ = {isa = PBXFileReference; explicitFileType = archive.ar; includeInIndex = 0; path = "libPods-SafetyMap.a"; sourceTree = BUILT_PRODUCTS_DIR; };
		FAD3ED917FDB2025743E3B4C /* Pods-SafetyMap.release.xcconfig */ = {isa = PBXFileReference; includeInIndex = 1; lastKnownFileType = text.xcconfig; name = "Pods-SafetyMap.release.xcconfig"; path = "Pods/Target Support Files/Pods-SafetyMap/Pods-SafetyMap.release.xcconfig"; sourceTree = "<group>"; };
>>>>>>> origin/master
/* End PBXFileReference section */

/* Begin PBXFrameworksBuildPhase section */
		283B15EC1DC4F88800127225 /* Frameworks */ = {
			isa = PBXFrameworksBuildPhase;
			buildActionMask = 2147483647;
			files = (
				609FE2687317E9AB3870FD37 /* Pods_SafetyMap.framework in Frameworks */,
			);
			runOnlyForDeploymentPostprocessing = 0;
		};
		283B16021DC4F88900127225 /* Frameworks */ = {
			isa = PBXFrameworksBuildPhase;
			buildActionMask = 2147483647;
			files = (
			);
			runOnlyForDeploymentPostprocessing = 0;
		};
		283B160D1DC4F88900127225 /* Frameworks */ = {
			isa = PBXFrameworksBuildPhase;
			buildActionMask = 2147483647;
			files = (
			);
			runOnlyForDeploymentPostprocessing = 0;
		};
/* End PBXFrameworksBuildPhase section */

/* Begin PBXGroup section */
		283B15E61DC4F88800127225 = {
			isa = PBXGroup;
			children = (
				283B15F11DC4F88800127225 /* SafetyMap */,
				283B16081DC4F88900127225 /* SafetyMapTests */,
				283B16131DC4F88900127225 /* SafetyMapUITests */,
				283B15F01DC4F88800127225 /* Products */,
<<<<<<< HEAD
				5050E8BD92DCA4D691CC014A /* Pods */,
				AB326E5992D11B4724630E55 /* Frameworks */,
=======
				CC3C5A637AF4259856506BD4 /* Pods */,
				A6290D17A80F02401A491170 /* Frameworks */,
>>>>>>> origin/master
			);
			sourceTree = "<group>";
		};
		283B15F01DC4F88800127225 /* Products */ = {
			isa = PBXGroup;
			children = (
				283B15EF1DC4F88800127225 /* SafetyMap.app */,
				283B16051DC4F88900127225 /* SafetyMapTests.xctest */,
				283B16101DC4F88900127225 /* SafetyMapUITests.xctest */,
			);
			name = Products;
			sourceTree = "<group>";
		};
		283B15F11DC4F88800127225 /* SafetyMap */ = {
			isa = PBXGroup;
			children = (
				283B15F21DC4F88800127225 /* AppDelegate.swift */,
				283B15F41DC4F88800127225 /* FirstViewController.swift */,
				283B15F61DC4F88800127225 /* SecondViewController.swift */,
				283B15F81DC4F88900127225 /* Main.storyboard */,
				283B15FB1DC4F88900127225 /* Assets.xcassets */,
				283B15FD1DC4F88900127225 /* LaunchScreen.storyboard */,
				283B16001DC4F88900127225 /* Info.plist */,
			);
			path = SafetyMap;
			sourceTree = "<group>";
		};
		283B16081DC4F88900127225 /* SafetyMapTests */ = {
			isa = PBXGroup;
			children = (
				283B16091DC4F88900127225 /* SafetyMapTests.swift */,
				283B160B1DC4F88900127225 /* Info.plist */,
			);
			path = SafetyMapTests;
			sourceTree = "<group>";
		};
		283B16131DC4F88900127225 /* SafetyMapUITests */ = {
			isa = PBXGroup;
			children = (
				283B16141DC4F88900127225 /* SafetyMapUITests.swift */,
				283B16161DC4F88900127225 /* Info.plist */,
			);
			path = SafetyMapUITests;
			sourceTree = "<group>";
		};
<<<<<<< HEAD
		5050E8BD92DCA4D691CC014A /* Pods */ = {
			isa = PBXGroup;
			children = (
				686F68956B659332EE3AE45F /* Pods-SafetyMap.debug.xcconfig */,
				5F97FA5B9776998488FE1A60 /* Pods-SafetyMap.release.xcconfig */,
			);
			name = Pods;
			sourceTree = "<group>";
		};
		AB326E5992D11B4724630E55 /* Frameworks */ = {
			isa = PBXGroup;
			children = (
				8DAFAA328D1A3718CC5DBD67 /* Pods_SafetyMap.framework */,
			);
			name = Frameworks;
=======
		A6290D17A80F02401A491170 /* Frameworks */ = {
			isa = PBXGroup;
			children = (
				C674DD7930F4AE78DD134862 /* libPods-SafetyMap.a */,
			);
			name = Frameworks;
			sourceTree = "<group>";
		};
		CC3C5A637AF4259856506BD4 /* Pods */ = {
			isa = PBXGroup;
			children = (
				1F02CEEE63E4B2D00DA22F9F /* Pods-SafetyMap.debug.xcconfig */,
				FAD3ED917FDB2025743E3B4C /* Pods-SafetyMap.release.xcconfig */,
			);
			name = Pods;
>>>>>>> origin/master
			sourceTree = "<group>";
		};
/* End PBXGroup section */

/* Begin PBXNativeTarget section */
		283B15EE1DC4F88800127225 /* SafetyMap */ = {
			isa = PBXNativeTarget;
			buildConfigurationList = 283B16191DC4F88900127225 /* Build configuration list for PBXNativeTarget "SafetyMap" */;
			buildPhases = (
<<<<<<< HEAD
				08AD6C1C801854DDD95CBDCD /* [CP] Check Pods Manifest.lock */,
				283B15EB1DC4F88800127225 /* Sources */,
				283B15EC1DC4F88800127225 /* Frameworks */,
				283B15ED1DC4F88800127225 /* Resources */,
				283B17961DC57A1400127225 /* Embed Frameworks */,
				283B17971DC57A1400127225 /* Embed PlugIns */,
				B89EB1962D9D6D349D4B2A75 /* [CP] Embed Pods Frameworks */,
				22A7B50CB5A74A9B466B26A6 /* [CP] Copy Pods Resources */,
=======
				BC67FB8DE44CED35AB88C0EC /* [CP] Check Pods Manifest.lock */,
				283B15EB1DC4F88800127225 /* Sources */,
				283B15EC1DC4F88800127225 /* Frameworks */,
				283B15ED1DC4F88800127225 /* Resources */,
				990D92B24468D701415BAE90 /* [CP] Embed Pods Frameworks */,
				163736625A3E324F32EFE0C9 /* [CP] Copy Pods Resources */,
>>>>>>> origin/master
			);
			buildRules = (
			);
			dependencies = (
			);
			name = SafetyMap;
			productName = SafetyMap;
			productReference = 283B15EF1DC4F88800127225 /* SafetyMap.app */;
			productType = "com.apple.product-type.application";
		};
		283B16041DC4F88900127225 /* SafetyMapTests */ = {
			isa = PBXNativeTarget;
			buildConfigurationList = 283B161C1DC4F88900127225 /* Build configuration list for PBXNativeTarget "SafetyMapTests" */;
			buildPhases = (
				283B16011DC4F88900127225 /* Sources */,
				283B16021DC4F88900127225 /* Frameworks */,
				283B16031DC4F88900127225 /* Resources */,
			);
			buildRules = (
			);
			dependencies = (
				283B16071DC4F88900127225 /* PBXTargetDependency */,
			);
			name = SafetyMapTests;
			productName = SafetyMapTests;
			productReference = 283B16051DC4F88900127225 /* SafetyMapTests.xctest */;
			productType = "com.apple.product-type.bundle.unit-test";
		};
		283B160F1DC4F88900127225 /* SafetyMapUITests */ = {
			isa = PBXNativeTarget;
			buildConfigurationList = 283B161F1DC4F88900127225 /* Build configuration list for PBXNativeTarget "SafetyMapUITests" */;
			buildPhases = (
				283B160C1DC4F88900127225 /* Sources */,
				283B160D1DC4F88900127225 /* Frameworks */,
				283B160E1DC4F88900127225 /* Resources */,
			);
			buildRules = (
			);
			dependencies = (
				283B16121DC4F88900127225 /* PBXTargetDependency */,
			);
			name = SafetyMapUITests;
			productName = SafetyMapUITests;
			productReference = 283B16101DC4F88900127225 /* SafetyMapUITests.xctest */;
			productType = "com.apple.product-type.bundle.ui-testing";
		};
/* End PBXNativeTarget section */

/* Begin PBXProject section */
		283B15E71DC4F88800127225 /* Project object */ = {
			isa = PBXProject;
			attributes = {
				LastSwiftUpdateCheck = 0810;
				LastUpgradeCheck = 0810;
				ORGANIZATIONNAME = "Yanbo Fang";
				TargetAttributes = {
					283B15EE1DC4F88800127225 = {
						CreatedOnToolsVersion = 8.1;
						DevelopmentTeam = 2B844QKHM6;
						ProvisioningStyle = Automatic;
					};
					283B16041DC4F88900127225 = {
						CreatedOnToolsVersion = 8.1;
						DevelopmentTeam = 2B844QKHM6;
						ProvisioningStyle = Automatic;
						TestTargetID = 283B15EE1DC4F88800127225;
					};
					283B160F1DC4F88900127225 = {
						CreatedOnToolsVersion = 8.1;
						DevelopmentTeam = 2B844QKHM6;
						ProvisioningStyle = Automatic;
						TestTargetID = 283B15EE1DC4F88800127225;
					};
				};
			};
			buildConfigurationList = 283B15EA1DC4F88800127225 /* Build configuration list for PBXProject "SafetyMap" */;
			compatibilityVersion = "Xcode 3.2";
			developmentRegion = English;
			hasScannedForEncodings = 0;
			knownRegions = (
				en,
				Base,
			);
			mainGroup = 283B15E61DC4F88800127225;
			productRefGroup = 283B15F01DC4F88800127225 /* Products */;
			projectDirPath = "";
			projectRoot = "";
			targets = (
				283B15EE1DC4F88800127225 /* SafetyMap */,
				283B16041DC4F88900127225 /* SafetyMapTests */,
				283B160F1DC4F88900127225 /* SafetyMapUITests */,
			);
		};
/* End PBXProject section */

/* Begin PBXResourcesBuildPhase section */
		283B15ED1DC4F88800127225 /* Resources */ = {
			isa = PBXResourcesBuildPhase;
			buildActionMask = 2147483647;
			files = (
				283B15FF1DC4F88900127225 /* LaunchScreen.storyboard in Resources */,
				283B15FC1DC4F88900127225 /* Assets.xcassets in Resources */,
				283B15FA1DC4F88900127225 /* Main.storyboard in Resources */,
			);
			runOnlyForDeploymentPostprocessing = 0;
		};
		283B16031DC4F88900127225 /* Resources */ = {
			isa = PBXResourcesBuildPhase;
			buildActionMask = 2147483647;
			files = (
			);
			runOnlyForDeploymentPostprocessing = 0;
		};
		283B160E1DC4F88900127225 /* Resources */ = {
			isa = PBXResourcesBuildPhase;
			buildActionMask = 2147483647;
			files = (
			);
			runOnlyForDeploymentPostprocessing = 0;
		};
/* End PBXResourcesBuildPhase section */

/* Begin PBXShellScriptBuildPhase section */
<<<<<<< HEAD
		08AD6C1C801854DDD95CBDCD /* [CP] Check Pods Manifest.lock */ = {
=======
		163736625A3E324F32EFE0C9 /* [CP] Copy Pods Resources */ = {
>>>>>>> origin/master
			isa = PBXShellScriptBuildPhase;
			buildActionMask = 2147483647;
			files = (
			);
			inputPaths = (
			);
<<<<<<< HEAD
			name = "[CP] Check Pods Manifest.lock";
=======
			name = "[CP] Copy Pods Resources";
>>>>>>> origin/master
			outputPaths = (
			);
			runOnlyForDeploymentPostprocessing = 0;
			shellPath = /bin/sh;
<<<<<<< HEAD
			shellScript = "diff \"${PODS_ROOT}/../Podfile.lock\" \"${PODS_ROOT}/Manifest.lock\" > /dev/null\nif [ $? != 0 ] ; then\n    # print error to STDERR\n    echo \"error: The sandbox is not in sync with the Podfile.lock. Run 'pod install' or update your CocoaPods installation.\" >&2\n    exit 1\nfi\n";
			showEnvVarsInLog = 0;
		};
		22A7B50CB5A74A9B466B26A6 /* [CP] Copy Pods Resources */ = {
=======
			shellScript = "\"${SRCROOT}/Pods/Target Support Files/Pods-SafetyMap/Pods-SafetyMap-resources.sh\"\n";
			showEnvVarsInLog = 0;
		};
		990D92B24468D701415BAE90 /* [CP] Embed Pods Frameworks */ = {
>>>>>>> origin/master
			isa = PBXShellScriptBuildPhase;
			buildActionMask = 2147483647;
			files = (
			);
			inputPaths = (
			);
<<<<<<< HEAD
			name = "[CP] Copy Pods Resources";
=======
			name = "[CP] Embed Pods Frameworks";
>>>>>>> origin/master
			outputPaths = (
			);
			runOnlyForDeploymentPostprocessing = 0;
			shellPath = /bin/sh;
<<<<<<< HEAD
			shellScript = "\"${SRCROOT}/Pods/Target Support Files/Pods-SafetyMap/Pods-SafetyMap-resources.sh\"\n";
			showEnvVarsInLog = 0;
		};
		B89EB1962D9D6D349D4B2A75 /* [CP] Embed Pods Frameworks */ = {
=======
			shellScript = "\"${SRCROOT}/Pods/Target Support Files/Pods-SafetyMap/Pods-SafetyMap-frameworks.sh\"\n";
			showEnvVarsInLog = 0;
		};
		BC67FB8DE44CED35AB88C0EC /* [CP] Check Pods Manifest.lock */ = {
>>>>>>> origin/master
			isa = PBXShellScriptBuildPhase;
			buildActionMask = 2147483647;
			files = (
			);
			inputPaths = (
			);
<<<<<<< HEAD
			name = "[CP] Embed Pods Frameworks";
=======
			name = "[CP] Check Pods Manifest.lock";
>>>>>>> origin/master
			outputPaths = (
			);
			runOnlyForDeploymentPostprocessing = 0;
			shellPath = /bin/sh;
<<<<<<< HEAD
			shellScript = "\"${SRCROOT}/Pods/Target Support Files/Pods-SafetyMap/Pods-SafetyMap-frameworks.sh\"\n";
=======
			shellScript = "diff \"${PODS_ROOT}/../Podfile.lock\" \"${PODS_ROOT}/Manifest.lock\" > /dev/null\nif [ $? != 0 ] ; then\n    # print error to STDERR\n    echo \"error: The sandbox is not in sync with the Podfile.lock. Run 'pod install' or update your CocoaPods installation.\" >&2\n    exit 1\nfi\n";
>>>>>>> origin/master
			showEnvVarsInLog = 0;
		};
/* End PBXShellScriptBuildPhase section */

/* Begin PBXSourcesBuildPhase section */
		283B15EB1DC4F88800127225 /* Sources */ = {
			isa = PBXSourcesBuildPhase;
			buildActionMask = 2147483647;
			files = (
				283B15F71DC4F88800127225 /* SecondViewController.swift in Sources */,
				283B15F31DC4F88800127225 /* AppDelegate.swift in Sources */,
				283B15F51DC4F88800127225 /* FirstViewController.swift in Sources */,
			);
			runOnlyForDeploymentPostprocessing = 0;
		};
		283B16011DC4F88900127225 /* Sources */ = {
			isa = PBXSourcesBuildPhase;
			buildActionMask = 2147483647;
			files = (
				283B160A1DC4F88900127225 /* SafetyMapTests.swift in Sources */,
			);
			runOnlyForDeploymentPostprocessing = 0;
		};
		283B160C1DC4F88900127225 /* Sources */ = {
			isa = PBXSourcesBuildPhase;
			buildActionMask = 2147483647;
			files = (
				283B16151DC4F88900127225 /* SafetyMapUITests.swift in Sources */,
			);
			runOnlyForDeploymentPostprocessing = 0;
		};
/* End PBXSourcesBuildPhase section */

/* Begin PBXTargetDependency section */
		283B16071DC4F88900127225 /* PBXTargetDependency */ = {
			isa = PBXTargetDependency;
			target = 283B15EE1DC4F88800127225 /* SafetyMap */;
			targetProxy = 283B16061DC4F88900127225 /* PBXContainerItemProxy */;
		};
		283B16121DC4F88900127225 /* PBXTargetDependency */ = {
			isa = PBXTargetDependency;
			target = 283B15EE1DC4F88800127225 /* SafetyMap */;
			targetProxy = 283B16111DC4F88900127225 /* PBXContainerItemProxy */;
		};
/* End PBXTargetDependency section */

/* Begin PBXVariantGroup section */
		283B15F81DC4F88900127225 /* Main.storyboard */ = {
			isa = PBXVariantGroup;
			children = (
				283B15F91DC4F88900127225 /* Base */,
			);
			name = Main.storyboard;
			sourceTree = "<group>";
		};
		283B15FD1DC4F88900127225 /* LaunchScreen.storyboard */ = {
			isa = PBXVariantGroup;
			children = (
				283B15FE1DC4F88900127225 /* Base */,
			);
			name = LaunchScreen.storyboard;
			sourceTree = "<group>";
		};
/* End PBXVariantGroup section */

/* Begin XCBuildConfiguration section */
		283B16171DC4F88900127225 /* Debug */ = {
			isa = XCBuildConfiguration;
			buildSettings = {
				ALWAYS_SEARCH_USER_PATHS = NO;
				CLANG_ANALYZER_NONNULL = YES;
				CLANG_CXX_LANGUAGE_STANDARD = "gnu++0x";
				CLANG_CXX_LIBRARY = "libc++";
				CLANG_ENABLE_MODULES = YES;
				CLANG_ENABLE_OBJC_ARC = YES;
				CLANG_WARN_BOOL_CONVERSION = YES;
				CLANG_WARN_CONSTANT_CONVERSION = YES;
				CLANG_WARN_DIRECT_OBJC_ISA_USAGE = YES_ERROR;
				CLANG_WARN_DOCUMENTATION_COMMENTS = YES;
				CLANG_WARN_EMPTY_BODY = YES;
				CLANG_WARN_ENUM_CONVERSION = YES;
				CLANG_WARN_INFINITE_RECURSION = YES;
				CLANG_WARN_INT_CONVERSION = YES;
				CLANG_WARN_OBJC_ROOT_CLASS = YES_ERROR;
				CLANG_WARN_SUSPICIOUS_MOVES = YES;
				CLANG_WARN_UNREACHABLE_CODE = YES;
				CLANG_WARN__DUPLICATE_METHOD_MATCH = YES;
				"CODE_SIGN_IDENTITY[sdk=iphoneos*]" = "iPhone Developer";
				COPY_PHASE_STRIP = NO;
				DEBUG_INFORMATION_FORMAT = dwarf;
				ENABLE_STRICT_OBJC_MSGSEND = YES;
				ENABLE_TESTABILITY = YES;
				GCC_C_LANGUAGE_STANDARD = gnu99;
				GCC_DYNAMIC_NO_PIC = NO;
				GCC_NO_COMMON_BLOCKS = YES;
				GCC_OPTIMIZATION_LEVEL = 0;
				GCC_PREPROCESSOR_DEFINITIONS = (
					"DEBUG=1",
					"$(inherited)",
				);
				GCC_WARN_64_TO_32_BIT_CONVERSION = YES;
				GCC_WARN_ABOUT_RETURN_TYPE = YES_ERROR;
				GCC_WARN_UNDECLARED_SELECTOR = YES;
				GCC_WARN_UNINITIALIZED_AUTOS = YES_AGGRESSIVE;
				GCC_WARN_UNUSED_FUNCTION = YES;
				GCC_WARN_UNUSED_VARIABLE = YES;
				IPHONEOS_DEPLOYMENT_TARGET = 10.1;
				MTL_ENABLE_DEBUG_INFO = YES;
				ONLY_ACTIVE_ARCH = YES;
				SDKROOT = iphoneos;
				SWIFT_ACTIVE_COMPILATION_CONDITIONS = DEBUG;
				SWIFT_OPTIMIZATION_LEVEL = "-Onone";
				TARGETED_DEVICE_FAMILY = "1,2";
			};
			name = Debug;
		};
		283B16181DC4F88900127225 /* Release */ = {
			isa = XCBuildConfiguration;
			buildSettings = {
				ALWAYS_SEARCH_USER_PATHS = NO;
				CLANG_ANALYZER_NONNULL = YES;
				CLANG_CXX_LANGUAGE_STANDARD = "gnu++0x";
				CLANG_CXX_LIBRARY = "libc++";
				CLANG_ENABLE_MODULES = YES;
				CLANG_ENABLE_OBJC_ARC = YES;
				CLANG_WARN_BOOL_CONVERSION = YES;
				CLANG_WARN_CONSTANT_CONVERSION = YES;
				CLANG_WARN_DIRECT_OBJC_ISA_USAGE = YES_ERROR;
				CLANG_WARN_DOCUMENTATION_COMMENTS = YES;
				CLANG_WARN_EMPTY_BODY = YES;
				CLANG_WARN_ENUM_CONVERSION = YES;
				CLANG_WARN_INFINITE_RECURSION = YES;
				CLANG_WARN_INT_CONVERSION = YES;
				CLANG_WARN_OBJC_ROOT_CLASS = YES_ERROR;
				CLANG_WARN_SUSPICIOUS_MOVES = YES;
				CLANG_WARN_UNREACHABLE_CODE = YES;
				CLANG_WARN__DUPLICATE_METHOD_MATCH = YES;
				"CODE_SIGN_IDENTITY[sdk=iphoneos*]" = "iPhone Developer";
				COPY_PHASE_STRIP = NO;
				DEBUG_INFORMATION_FORMAT = "dwarf-with-dsym";
				ENABLE_NS_ASSERTIONS = NO;
				ENABLE_STRICT_OBJC_MSGSEND = YES;
				GCC_C_LANGUAGE_STANDARD = gnu99;
				GCC_NO_COMMON_BLOCKS = YES;
				GCC_WARN_64_TO_32_BIT_CONVERSION = YES;
				GCC_WARN_ABOUT_RETURN_TYPE = YES_ERROR;
				GCC_WARN_UNDECLARED_SELECTOR = YES;
				GCC_WARN_UNINITIALIZED_AUTOS = YES_AGGRESSIVE;
				GCC_WARN_UNUSED_FUNCTION = YES;
				GCC_WARN_UNUSED_VARIABLE = YES;
				IPHONEOS_DEPLOYMENT_TARGET = 10.1;
				MTL_ENABLE_DEBUG_INFO = NO;
				SDKROOT = iphoneos;
				SWIFT_OPTIMIZATION_LEVEL = "-Owholemodule";
				TARGETED_DEVICE_FAMILY = "1,2";
				VALIDATE_PRODUCT = YES;
			};
			name = Release;
		};
		283B161A1DC4F88900127225 /* Debug */ = {
			isa = XCBuildConfiguration;
<<<<<<< HEAD
			baseConfigurationReference = 686F68956B659332EE3AE45F /* Pods-SafetyMap.debug.xcconfig */;
=======
			baseConfigurationReference = 1F02CEEE63E4B2D00DA22F9F /* Pods-SafetyMap.debug.xcconfig */;
>>>>>>> origin/master
			buildSettings = {
				ALWAYS_EMBED_SWIFT_STANDARD_LIBRARIES = YES;
				ASSETCATALOG_COMPILER_APPICON_NAME = AppIcon;
				DEVELOPMENT_TEAM = 2B844QKHM6;
				ENABLE_BITCODE = NO;
				INFOPLIST_FILE = SafetyMap/Info.plist;
				LD_RUNPATH_SEARCH_PATHS = "$(inherited) @executable_path/Frameworks";
				PRODUCT_BUNDLE_IDENTIFIER = com.YanboFang.SafetyMap;
				PRODUCT_NAME = "$(TARGET_NAME)";
				SWIFT_VERSION = 3.0;
			};
			name = Debug;
		};
		283B161B1DC4F88900127225 /* Release */ = {
			isa = XCBuildConfiguration;
<<<<<<< HEAD
			baseConfigurationReference = 5F97FA5B9776998488FE1A60 /* Pods-SafetyMap.release.xcconfig */;
=======
			baseConfigurationReference = FAD3ED917FDB2025743E3B4C /* Pods-SafetyMap.release.xcconfig */;
>>>>>>> origin/master
			buildSettings = {
				ALWAYS_EMBED_SWIFT_STANDARD_LIBRARIES = YES;
				ASSETCATALOG_COMPILER_APPICON_NAME = AppIcon;
				DEVELOPMENT_TEAM = 2B844QKHM6;
				ENABLE_BITCODE = NO;
				INFOPLIST_FILE = SafetyMap/Info.plist;
				LD_RUNPATH_SEARCH_PATHS = "$(inherited) @executable_path/Frameworks";
				PRODUCT_BUNDLE_IDENTIFIER = com.YanboFang.SafetyMap;
				PRODUCT_NAME = "$(TARGET_NAME)";
				SWIFT_VERSION = 3.0;
			};
			name = Release;
		};
		283B161D1DC4F88900127225 /* Debug */ = {
			isa = XCBuildConfiguration;
			buildSettings = {
				ALWAYS_EMBED_SWIFT_STANDARD_LIBRARIES = YES;
				BUNDLE_LOADER = "$(TEST_HOST)";
				DEVELOPMENT_TEAM = 2B844QKHM6;
				INFOPLIST_FILE = SafetyMapTests/Info.plist;
				LD_RUNPATH_SEARCH_PATHS = "$(inherited) @executable_path/Frameworks @loader_path/Frameworks";
				PRODUCT_BUNDLE_IDENTIFIER = com.YanboFang.SafetyMapTests;
				PRODUCT_NAME = "$(TARGET_NAME)";
				SWIFT_VERSION = 3.0;
				TEST_HOST = "$(BUILT_PRODUCTS_DIR)/SafetyMap.app/SafetyMap";
			};
			name = Debug;
		};
		283B161E1DC4F88900127225 /* Release */ = {
			isa = XCBuildConfiguration;
			buildSettings = {
				ALWAYS_EMBED_SWIFT_STANDARD_LIBRARIES = YES;
				BUNDLE_LOADER = "$(TEST_HOST)";
				DEVELOPMENT_TEAM = 2B844QKHM6;
				INFOPLIST_FILE = SafetyMapTests/Info.plist;
				LD_RUNPATH_SEARCH_PATHS = "$(inherited) @executable_path/Frameworks @loader_path/Frameworks";
				PRODUCT_BUNDLE_IDENTIFIER = com.YanboFang.SafetyMapTests;
				PRODUCT_NAME = "$(TARGET_NAME)";
				SWIFT_VERSION = 3.0;
				TEST_HOST = "$(BUILT_PRODUCTS_DIR)/SafetyMap.app/SafetyMap";
			};
			name = Release;
		};
		283B16201DC4F88900127225 /* Debug */ = {
			isa = XCBuildConfiguration;
			buildSettings = {
				ALWAYS_EMBED_SWIFT_STANDARD_LIBRARIES = YES;
				DEVELOPMENT_TEAM = 2B844QKHM6;
				INFOPLIST_FILE = SafetyMapUITests/Info.plist;
				LD_RUNPATH_SEARCH_PATHS = "$(inherited) @executable_path/Frameworks @loader_path/Frameworks";
				PRODUCT_BUNDLE_IDENTIFIER = com.YanboFang.SafetyMapUITests;
				PRODUCT_NAME = "$(TARGET_NAME)";
				SWIFT_VERSION = 3.0;
				TEST_TARGET_NAME = SafetyMap;
			};
			name = Debug;
		};
		283B16211DC4F88900127225 /* Release */ = {
			isa = XCBuildConfiguration;
			buildSettings = {
				ALWAYS_EMBED_SWIFT_STANDARD_LIBRARIES = YES;
				DEVELOPMENT_TEAM = 2B844QKHM6;
				INFOPLIST_FILE = SafetyMapUITests/Info.plist;
				LD_RUNPATH_SEARCH_PATHS = "$(inherited) @executable_path/Frameworks @loader_path/Frameworks";
				PRODUCT_BUNDLE_IDENTIFIER = com.YanboFang.SafetyMapUITests;
				PRODUCT_NAME = "$(TARGET_NAME)";
				SWIFT_VERSION = 3.0;
				TEST_TARGET_NAME = SafetyMap;
			};
			name = Release;
		};
/* End XCBuildConfiguration section */

/* Begin XCConfigurationList section */
		283B15EA1DC4F88800127225 /* Build configuration list for PBXProject "SafetyMap" */ = {
			isa = XCConfigurationList;
			buildConfigurations = (
				283B16171DC4F88900127225 /* Debug */,
				283B16181DC4F88900127225 /* Release */,
			);
			defaultConfigurationIsVisible = 0;
			defaultConfigurationName = Release;
		};
		283B16191DC4F88900127225 /* Build configuration list for PBXNativeTarget "SafetyMap" */ = {
			isa = XCConfigurationList;
			buildConfigurations = (
				283B161A1DC4F88900127225 /* Debug */,
				283B161B1DC4F88900127225 /* Release */,
			);
			defaultConfigurationIsVisible = 0;
			defaultConfigurationName = Release;
		};
		283B161C1DC4F88900127225 /* Build configuration list for PBXNativeTarget "SafetyMapTests" */ = {
			isa = XCConfigurationList;
			buildConfigurations = (
				283B161D1DC4F88900127225 /* Debug */,
				283B161E1DC4F88900127225 /* Release */,
			);
			defaultConfigurationIsVisible = 0;
			defaultConfigurationName = Release;
		};
		283B161F1DC4F88900127225 /* Build configuration list for PBXNativeTarget "SafetyMapUITests" */ = {
			isa = XCConfigurationList;
			buildConfigurations = (
				283B16201DC4F88900127225 /* Debug */,
				283B16211DC4F88900127225 /* Release */,
			);
			defaultConfigurationIsVisible = 0;
			defaultConfigurationName = Release;
		};
/* End XCConfigurationList section */
	};
	rootObject = 283B15E71DC4F88800127225 /* Project object */;
}
